
Microsoft Visual Studio Solution File, Format Version 12.00
# Visual Studio Version 16
VisualStudioVersion = 16.0.31025.194
MinimumVisualStudioVersion = 10.0.40219.1
Project("{FAE04EC0-301F-11D3-BF4B-00C04F79EFBC}") = "Create_Table_Project", "Create_Table_Project\Create_Table_Project.csproj", "{9D151D37-10E1-45C8-B5C6-963BAC511FCA}"
EndProject
Global
	GlobalSection(SolutionConfigurationPlatforms) = preSolution
		Debug|Any CPU = Debug|Any CPU
		Release|Any CPU = Release|Any CPU
	EndGlobalSection
	GlobalSection(ProjectConfigurationPlatforms) = postSolution
		{9D151D37-10E1-45C8-B5C6-963BAC511FCA}.Debug|Any CPU.ActiveCfg = Debug|Any CPU
		{9D151D37-10E1-45C8-B5C6-963BAC511FCA}.Debug|Any CPU.Build.0 = Debug|Any CPU
		{9D151D37-10E1-45C8-B5C6-963BAC511FCA}.Release|Any CPU.ActiveCfg = Release|Any CPU
		{9D151D37-10E1-45C8-B5C6-963BAC511FCA}.Release|Any CPU.Build.0 = Release|Any CPU
	EndGlobalSection
	GlobalSection(SolutionProperties) = preSolution
		HideSolutionNode = FALSE
	EndGlobalSection
	GlobalSection(ExtensibilityGlobals) = postSolution
		SolutionGuid = {AA19FE25-3AD9-4DE9-A089-3E68A4DC21D7}
	EndGlobalSection
EndGlobal
